// !$*UTF8*$!
{
	archiveVersion = 1;
	classes = {
	};
	objectVersion = 50;
	objects = {

/* Begin PBXBuildFile section */
		96143624B5F699DF8A1B496F /* libPods-IOPatternLockSample.a in Frameworks */ = {isa = PBXBuildFile; fileRef = 42ECAD44C4DCC598486DD6A4 /* libPods-IOPatternLockSample.a */; };
		B9A819E421AD4CD9001F8522 /* AppDelegate.m in Sources */ = {isa = PBXBuildFile; fileRef = B9A819E321AD4CD9001F8522 /* AppDelegate.m */; };
		B9A819EC21AD4CDC001F8522 /* Assets.xcassets in Resources */ = {isa = PBXBuildFile; fileRef = B9A819EB21AD4CDC001F8522 /* Assets.xcassets */; };
		B9A819EF21AD4CDC001F8522 /* LaunchScreen.storyboard in Resources */ = {isa = PBXBuildFile; fileRef = B9A819ED21AD4CDC001F8522 /* LaunchScreen.storyboard */; };
		B9A819F221AD4CDC001F8522 /* main.m in Sources */ = {isa = PBXBuildFile; fileRef = B9A819F121AD4CDC001F8522 /* main.m */; };
		B9A81A0C21AD4E0B001F8522 /* Main.storyboard in Resources */ = {isa = PBXBuildFile; fileRef = B9A81A0B21AD4E0B001F8522 /* Main.storyboard */; };
		B9A81A1321AD60EB001F8522 /* MainViewController.m in Sources */ = {isa = PBXBuildFile; fileRef = B9A81A1221AD60EB001F8522 /* MainViewController.m */; };
/* End PBXBuildFile section */

/* Begin PBXFileReference section */
		42ECAD44C4DCC598486DD6A4 /* libPods-IOPatternLockSample.a */ = {isa = PBXFileReference; explicitFileType = archive.ar; includeInIndex = 0; path = "libPods-IOPatternLockSample.a"; sourceTree = BUILT_PRODUCTS_DIR; };
		82FAF039F7B425C291D76556 /* Pods-IOPatternLockSample.release.xcconfig */ = {isa = PBXFileReference; includeInIndex = 1; lastKnownFileType = text.xcconfig; name = "Pods-IOPatternLockSample.release.xcconfig"; path = "Target Support Files/Pods-IOPatternLockSample/Pods-IOPatternLockSample.release.xcconfig"; sourceTree = "<group>"; };
		B9A819DF21AD4CD9001F8522 /* IOPatternLockSample.app */ = {isa = PBXFileReference; explicitFileType = wrapper.application; includeInIndex = 0; path = IOPatternLockSample.app; sourceTree = BUILT_PRODUCTS_DIR; };
		B9A819E221AD4CD9001F8522 /* AppDelegate.h */ = {isa = PBXFileReference; lastKnownFileType = sourcecode.c.h; path = AppDelegate.h; sourceTree = "<group>"; };
		B9A819E321AD4CD9001F8522 /* AppDelegate.m */ = {isa = PBXFileReference; lastKnownFileType = sourcecode.c.objc; path = AppDelegate.m; sourceTree = "<group>"; };
		B9A819EB21AD4CDC001F8522 /* Assets.xcassets */ = {isa = PBXFileReference; lastKnownFileType = folder.assetcatalog; path = Assets.xcassets; sourceTree = "<group>"; };
		B9A819EE21AD4CDC001F8522 /* Base */ = {isa = PBXFileReference; lastKnownFileType = file.storyboard; name = Base; path = Base.lproj/LaunchScreen.storyboard; sourceTree = "<group>"; };
		B9A819F021AD4CDC001F8522 /* Info.plist */ = {isa = PBXFileReference; lastKnownFileType = text.plist.xml; path = Info.plist; sourceTree = "<group>"; };
		B9A819F121AD4CDC001F8522 /* main.m */ = {isa = PBXFileReference; lastKnownFileType = sourcecode.c.objc; path = main.m; sourceTree = "<group>"; };
		B9A81A0B21AD4E0B001F8522 /* Main.storyboard */ = {isa = PBXFileReference; lastKnownFileType = file.storyboard; path = Main.storyboard; sourceTree = "<group>"; };
		B9A81A1121AD60EB001F8522 /* MainViewController.h */ = {isa = PBXFileReference; lastKnownFileType = sourcecode.c.h; path = MainViewController.h; sourceTree = "<group>"; };
		B9A81A1221AD60EB001F8522 /* MainViewController.m */ = {isa = PBXFileReference; lastKnownFileType = sourcecode.c.objc; path = MainViewController.m; sourceTree = "<group>"; };
		B9BA2E8721AD6C3100EE6E4F /* IOPatternLock.framework */ = {isa = PBXFileReference; explicitFileType = wrapper.framework; path = IOPatternLock.framework; sourceTree = BUILT_PRODUCTS_DIR; };
		C63DA28BFA2251A3674F02C3 /* Pods-IOPatternLockSample.debug.xcconfig */ = {isa = PBXFileReference; includeInIndex = 1; lastKnownFileType = text.xcconfig; name = "Pods-IOPatternLockSample.debug.xcconfig"; path = "Target Support Files/Pods-IOPatternLockSample/Pods-IOPatternLockSample.debug.xcconfig"; sourceTree = "<group>"; };
/* End PBXFileReference section */

/* Begin PBXFrameworksBuildPhase section */
		B9A819DC21AD4CD9001F8522 /* Frameworks */ = {
			isa = PBXFrameworksBuildPhase;
			buildActionMask = 2147483647;
			files = (
				96143624B5F699DF8A1B496F /* libPods-IOPatternLockSample.a in Frameworks */,
			);
			runOnlyForDeploymentPostprocessing = 0;
		};
/* End PBXFrameworksBuildPhase section */

/* Begin PBXGroup section */
		82A5B54A7237D16B189BCBC0 /* Pods */ = {
			isa = PBXGroup;
			children = (
				C63DA28BFA2251A3674F02C3 /* Pods-IOPatternLockSample.debug.xcconfig */,
				82FAF039F7B425C291D76556 /* Pods-IOPatternLockSample.release.xcconfig */,
			);
			path = Pods;
			sourceTree = "<group>";
		};
		B9A819D621AD4CD9001F8522 = {
			isa = PBXGroup;
			children = (
				B9A819E121AD4CD9001F8522 /* IOPatternLockSample */,
				B9A819E021AD4CD9001F8522 /* Products */,
				B9A81A0D21AD4E1B001F8522 /* Frameworks */,
				82A5B54A7237D16B189BCBC0 /* Pods */,
			);
			sourceTree = "<group>";
		};
		B9A819E021AD4CD9001F8522 /* Products */ = {
			isa = PBXGroup;
			children = (
				B9A819DF21AD4CD9001F8522 /* IOPatternLockSample.app */,
			);
			name = Products;
			sourceTree = "<group>";
		};
		B9A819E121AD4CD9001F8522 /* IOPatternLockSample */ = {
			isa = PBXGroup;
			children = (
				B9A81A0421AD4D8C001F8522 /* Application */,
				B9A81A0821AD4DE3001F8522 /* Screens */,
				B9A819EB21AD4CDC001F8522 /* Assets.xcassets */,
				B9A819F021AD4CDC001F8522 /* Info.plist */,
				B9A81A0721AD4DD1001F8522 /* SupportingFiles */,
			);
			path = IOPatternLockSample;
			sourceTree = "<group>";
		};
		B9A81A0421AD4D8C001F8522 /* Application */ = {
			isa = PBXGroup;
			children = (
				B9A81A0521AD4D95001F8522 /* Delegate */,
			);
			path = Application;
			sourceTree = "<group>";
		};
		B9A81A0521AD4D95001F8522 /* Delegate */ = {
			isa = PBXGroup;
			children = (
				B9A819E221AD4CD9001F8522 /* AppDelegate.h */,
				B9A819E321AD4CD9001F8522 /* AppDelegate.m */,
			);
			path = Delegate;
			sourceTree = "<group>";
		};
		B9A81A0721AD4DD1001F8522 /* SupportingFiles */ = {
			isa = PBXGroup;
			children = (
				B9A819F121AD4CDC001F8522 /* main.m */,
			);
			name = SupportingFiles;
			sourceTree = "<group>";
		};
		B9A81A0821AD4DE3001F8522 /* Screens */ = {
			isa = PBXGroup;
			children = (
				B9A81A0A21AD4DF8001F8522 /* Main */,
				B9A81A0921AD4DEE001F8522 /* LaunchScreen */,
			);
			path = Screens;
			sourceTree = "<group>";
		};
		B9A81A0921AD4DEE001F8522 /* LaunchScreen */ = {
			isa = PBXGroup;
			children = (
				B9A819ED21AD4CDC001F8522 /* LaunchScreen.storyboard */,
			);
			path = LaunchScreen;
			sourceTree = "<group>";
		};
		B9A81A0A21AD4DF8001F8522 /* Main */ = {
			isa = PBXGroup;
			children = (
				B9A81A1021AD60D3001F8522 /* VireControllers */,
				B9A81A0B21AD4E0B001F8522 /* Main.storyboard */,
			);
			path = Main;
			sourceTree = "<group>";
		};
		B9A81A0D21AD4E1B001F8522 /* Frameworks */ = {
			isa = PBXGroup;
			children = (
				B9BA2E8721AD6C3100EE6E4F /* IOPatternLock.framework */,
				42ECAD44C4DCC598486DD6A4 /* libPods-IOPatternLockSample.a */,
			);
			name = Frameworks;
			sourceTree = "<group>";
		};
		B9A81A1021AD60D3001F8522 /* VireControllers */ = {
			isa = PBXGroup;
			children = (
				B9A81A1121AD60EB001F8522 /* MainViewController.h */,
				B9A81A1221AD60EB001F8522 /* MainViewController.m */,
			);
			path = VireControllers;
			sourceTree = "<group>";
		};
/* End PBXGroup section */

/* Begin PBXNativeTarget section */
		B9A819DE21AD4CD9001F8522 /* IOPatternLockSample */ = {
			isa = PBXNativeTarget;
			buildConfigurationList = B9A819F521AD4CDC001F8522 /* Build configuration list for PBXNativeTarget "IOPatternLockSample" */;
			buildPhases = (
				FAB1212832D5330CDC565BFD /* [CP] Check Pods Manifest.lock */,
				B9A819DB21AD4CD9001F8522 /* Sources */,
				B9A819DC21AD4CD9001F8522 /* Frameworks */,
				B9A819DD21AD4CD9001F8522 /* Resources */,
			);
			buildRules = (
			);
			dependencies = (
			);
			name = IOPatternLockSample;
			productName = IOPatternLockSample;
			productReference = B9A819DF21AD4CD9001F8522 /* IOPatternLockSample.app */;
			productType = "com.apple.product-type.application";
		};
/* End PBXNativeTarget section */

/* Begin PBXProject section */
		B9A819D721AD4CD9001F8522 /* Project object */ = {
			isa = PBXProject;
			attributes = {
				LastUpgradeCheck = 1010;
				ORGANIZATIONNAME = "Ilker OZCAN";
				TargetAttributes = {
					B9A819DE21AD4CD9001F8522 = {
						CreatedOnToolsVersion = 10.1;
					};
				};
			};
			buildConfigurationList = B9A819DA21AD4CD9001F8522 /* Build configuration list for PBXProject "IOPatternLockSample" */;
			compatibilityVersion = "Xcode 9.3";
			developmentRegion = en;
			hasScannedForEncodings = 0;
			knownRegions = (
				en,
				Base,
			);
			mainGroup = B9A819D621AD4CD9001F8522;
			productRefGroup = B9A819E021AD4CD9001F8522 /* Products */;
			projectDirPath = "";
			projectRoot = "";
			targets = (
				B9A819DE21AD4CD9001F8522 /* IOPatternLockSample */,
			);
		};
/* End PBXProject section */

/* Begin PBXResourcesBuildPhase section */
		B9A819DD21AD4CD9001F8522 /* Resources */ = {
			isa = PBXResourcesBuildPhase;
			buildActionMask = 2147483647;
			files = (
				B9A81A0C21AD4E0B001F8522 /* Main.storyboard in Resources */,
				B9A819EF21AD4CDC001F8522 /* LaunchScreen.storyboard in Resources */,
				B9A819EC21AD4CDC001F8522 /* Assets.xcassets in Resources */,
			);
			runOnlyForDeploymentPostprocessing = 0;
		};
/* End PBXResourcesBuildPhase section */

/* Begin PBXShellScriptBuildPhase section */
		FAB1212832D5330CDC565BFD /* [CP] Check Pods Manifest.lock */ = {
			isa = PBXShellScriptBuildPhase;
			buildActionMask = 2147483647;
			files = (
			);
			inputFileListPaths = (
			);
			inputPaths = (
				"${PODS_PODFILE_DIR_PATH}/Podfile.lock",
				"${PODS_ROOT}/Manifest.lock",
			);
			name = "[CP] Check Pods Manifest.lock";
			outputFileListPaths = (
			);
			outputPaths = (
				"$(DERIVED_FILE_DIR)/Pods-IOPatternLockSample-checkManifestLockResult.txt",
			);
			runOnlyForDeploymentPostprocessing = 0;
			shellPath = /bin/sh;
			shellScript = "diff \"${PODS_PODFILE_DIR_PATH}/Podfile.lock\" \"${PODS_ROOT}/Manifest.lock\" > /dev/null\nif [ $? != 0 ] ; then\n    # print error to STDERR\n    echo \"error: The sandbox is not in sync with the Podfile.lock. Run 'pod install' or update your CocoaPods installation.\" >&2\n    exit 1\nfi\n# This output is used by Xcode 'outputs' to avoid re-running this script phase.\necho \"SUCCESS\" > \"${SCRIPT_OUTPUT_FILE_0}\"\n";
			showEnvVarsInLog = 0;
		};
/* End PBXShellScriptBuildPhase section */

/* Begin PBXSourcesBuildPhase section */
		B9A819DB21AD4CD9001F8522 /* Sources */ = {
			isa = PBXSourcesBuildPhase;
			buildActionMask = 2147483647;
			files = (
				B9A819F221AD4CDC001F8522 /* main.m in Sources */,
				B9A81A1321AD60EB001F8522 /* MainViewController.m in Sources */,
				B9A819E421AD4CD9001F8522 /* AppDelegate.m in Sources */,
			);
			runOnlyForDeploymentPostprocessing = 0;
		};
/* End PBXSourcesBuildPhase section */

/* Begin PBXVariantGroup section */
		B9A819ED21AD4CDC001F8522 /* LaunchScreen.storyboard */ = {
			isa = PBXVariantGroup;
			children = (
				B9A819EE21AD4CDC001F8522 /* Base */,
			);
			name = LaunchScreen.storyboard;
			sourceTree = "<group>";
		};
/* End PBXVariantGroup section */

/* Begin XCBuildConfiguration section */
		B9A819F321AD4CDC001F8522 /* Debug */ = {
			isa = XCBuildConfiguration;
			buildSettings = {
				ALWAYS_SEARCH_USER_PATHS = NO;
				CLANG_ANALYZER_NONNULL = YES;
				CLANG_ANALYZER_NUMBER_OBJECT_CONVERSION = YES_AGGRESSIVE;
				CLANG_CXX_LANGUAGE_STANDARD = "gnu++14";
				CLANG_CXX_LIBRARY = "libc++";
				CLANG_ENABLE_MODULES = YES;
				CLANG_ENABLE_OBJC_ARC = YES;
				CLANG_ENABLE_OBJC_WEAK = YES;
				CLANG_WARN_BLOCK_CAPTURE_AUTORELEASING = YES;
				CLANG_WARN_BOOL_CONVERSION = YES;
				CLANG_WARN_COMMA = YES;
				CLANG_WARN_CONSTANT_CONVERSION = YES;
				CLANG_WARN_DEPRECATED_OBJC_IMPLEMENTATIONS = YES;
				CLANG_WARN_DIRECT_OBJC_ISA_USAGE = YES_ERROR;
				CLANG_WARN_DOCUMENTATION_COMMENTS = YES;
				CLANG_WARN_EMPTY_BODY = YES;
				CLANG_WARN_ENUM_CONVERSION = YES;
				CLANG_WARN_INFINITE_RECURSION = YES;
				CLANG_WARN_INT_CONVERSION = YES;
				CLANG_WARN_NON_LITERAL_NULL_CONVERSION = YES;
				CLANG_WARN_OBJC_IMPLICIT_RETAIN_SELF = YES;
				CLANG_WARN_OBJC_LITERAL_CONVERSION = YES;
				CLANG_WARN_OBJC_ROOT_CLASS = YES_ERROR;
				CLANG_WARN_RANGE_LOOP_ANALYSIS = YES;
				CLANG_WARN_STRICT_PROTOTYPES = YES;
				CLANG_WARN_SUSPICIOUS_MOVE = YES;
				CLANG_WARN_UNGUARDED_AVAILABILITY = YES_AGGRESSIVE;
				CLANG_WARN_UNREACHABLE_CODE = YES;
				CLANG_WARN__DUPLICATE_METHOD_MATCH = YES;
				CODE_SIGN_IDENTITY = "iPhone Developer";
				COPY_PHASE_STRIP = NO;
				DEBUG_INFORMATION_FORMAT = dwarf;
				ENABLE_STRICT_OBJC_MSGSEND = YES;
				ENABLE_TESTABILITY = YES;
				GCC_C_LANGUAGE_STANDARD = gnu11;
				GCC_DYNAMIC_NO_PIC = NO;
				GCC_NO_COMMON_BLOCKS = YES;
				GCC_OPTIMIZATION_LEVEL = 0;
				GCC_PREPROCESSOR_DEFINITIONS = (
					"DEBUG=1",
					"$(inherited)",
				);
				GCC_WARN_64_TO_32_BIT_CONVERSION = YES;
				GCC_WARN_ABOUT_RETURN_TYPE = YES_ERROR;
				GCC_WARN_UNDECLARED_SELECTOR = YES;
				GCC_WARN_UNINITIALIZED_AUTOS = YES_AGGRESSIVE;
				GCC_WARN_UNUSED_FUNCTION = YES;
				GCC_WARN_UNUSED_VARIABLE = YES;
				IPHONEOS_DEPLOYMENT_TARGET = 9.0;
				MTL_ENABLE_DEBUG_INFO = INCLUDE_SOURCE;
				MTL_FAST_MATH = YES;
				ONLY_ACTIVE_ARCH = YES;
				SDKROOT = iphoneos;
			};
			name = Debug;
		};
		B9A819F421AD4CDC001F8522 /* Release */ = {
			isa = XCBuildConfiguration;
			buildSettings = {
				ALWAYS_SEARCH_USER_PATHS = NO;
				CLANG_ANALYZER_NONNULL = YES;
				CLANG_ANALYZER_NUMBER_OBJECT_CONVERSION = YES_AGGRESSIVE;
				CLANG_CXX_LANGUAGE_STANDARD = "gnu++14";
				CLANG_CXX_LIBRARY = "libc++";
				CLANG_ENABLE_MODULES = YES;
				CLANG_ENABLE_OBJC_ARC = YES;
				CLANG_ENABLE_OBJC_WEAK = YES;
				CLANG_WARN_BLOCK_CAPTURE_AUTORELEASING = YES;
				CLANG_WARN_BOOL_CONVERSION = YES;
				CLANG_WARN_COMMA = YES;
				CLANG_WARN_CONSTANT_CONVERSION = YES;
				CLANG_WARN_DEPRECATED_OBJC_IMPLEMENTATIONS = YES;
				CLANG_WARN_DIRECT_OBJC_ISA_USAGE = YES_ERROR;
				CLANG_WARN_DOCUMENTATION_COMMENTS = YES;
				CLANG_WARN_EMPTY_BODY = YES;
				CLANG_WARN_ENUM_CONVERSION = YES;
				CLANG_WARN_INFINITE_RECURSION = YES;
				CLANG_WARN_INT_CONVERSION = YES;
				CLANG_WARN_NON_LITERAL_NULL_CONVERSION = YES;
				CLANG_WARN_OBJC_IMPLICIT_RETAIN_SELF = YES;
				CLANG_WARN_OBJC_LITERAL_CONVERSION = YES;
				CLANG_WARN_OBJC_ROOT_CLASS = YES_ERROR;
				CLANG_WARN_RANGE_LOOP_ANALYSIS = YES;
				CLANG_WARN_STRICT_PROTOTYPES = YES;
				CLANG_WARN_SUSPICIOUS_MOVE = YES;
				CLANG_WARN_UNGUARDED_AVAILABILITY = YES_AGGRESSIVE;
				CLANG_WARN_UNREACHABLE_CODE = YES;
				CLANG_WARN__DUPLICATE_METHOD_MATCH = YES;
				CODE_SIGN_IDENTITY = "iPhone Developer";
				COPY_PHASE_STRIP = NO;
				DEBUG_INFORMATION_FORMAT = "dwarf-with-dsym";
				ENABLE_NS_ASSERTIONS = NO;
				ENABLE_STRICT_OBJC_MSGSEND = YES;
				GCC_C_LANGUAGE_STANDARD = gnu11;
				GCC_NO_COMMON_BLOCKS = YES;
				GCC_WARN_64_TO_32_BIT_CONVERSION = YES;
				GCC_WARN_ABOUT_RETURN_TYPE = YES_ERROR;
				GCC_WARN_UNDECLARED_SELECTOR = YES;
				GCC_WARN_UNINITIALIZED_AUTOS = YES_AGGRESSIVE;
				GCC_WARN_UNUSED_FUNCTION = YES;
				GCC_WARN_UNUSED_VARIABLE = YES;
				IPHONEOS_DEPLOYMENT_TARGET = 9.0;
				MTL_ENABLE_DEBUG_INFO = NO;
				MTL_FAST_MATH = YES;
				SDKROOT = iphoneos;
				VALIDATE_PRODUCT = YES;
			};
			name = Release;
		};
		B9A819F621AD4CDC001F8522 /* Debug */ = {
			isa = XCBuildConfiguration;
			baseConfigurationReference = C63DA28BFA2251A3674F02C3 /* Pods-IOPatternLockSample.debug.xcconfig */;
			buildSettings = {
				ASSETCATALOG_COMPILER_APPICON_NAME = AppIcon;
				CODE_SIGN_STYLE = Manual;
				DEVELOPMENT_TEAM = "";
				INFOPLIST_FILE = IOPatternLockSample/Info.plist;
				LD_RUNPATH_SEARCH_PATHS = (
					"$(inherited)",
					"@executable_path/Frameworks",
				);
				PRODUCT_BUNDLE_IDENTIFIER = com.ilkerozcan.IOPatternLock.Sample;
				PRODUCT_NAME = "$(TARGET_NAME)";
				PROVISIONING_PROFILE_SPECIFIER = "";
				TARGETED_DEVICE_FAMILY = "1,2";
			};
			name = Debug;
		};
		B9A819F721AD4CDC001F8522 /* Release */ = {
			isa = XCBuildConfiguration;
			baseConfigurationReference = 82FAF039F7B425C291D76556 /* Pods-IOPatternLockSample.release.xcconfig */;
			buildSettings = {
				ASSETCATALOG_COMPILER_APPICON_NAME = AppIcon;
				CODE_SIGN_STYLE = Manual;
				DEVELOPMENT_TEAM = "";
				INFOPLIST_FILE = IOPatternLockSample/Info.plist;
				LD_RUNPATH_SEARCH_PATHS = (
					"$(inherited)",
					"@executable_path/Frameworks",
				);
				PRODUCT_BUNDLE_IDENTIFIER = com.ilkerozcan.IOPatternLock.Sample;
				PRODUCT_NAME = "$(TARGET_NAME)";
				PROVISIONING_PROFILE_SPECIFIER = "";
				TARGETED_DEVICE_FAMILY = "1,2";
			};
			name = Release;
		};
/* End XCBuildConfiguration section */

/* Begin XCConfigurationList section */
		B9A819DA21AD4CD9001F8522 /* Build configuration list for PBXProject "IOPatternLockSample" */ = {
			isa = XCConfigurationList;
			buildConfigurations = (
				B9A819F321AD4CDC001F8522 /* Debug */,
				B9A819F421AD4CDC001F8522 /* Release */,
			);
			defaultConfigurationIsVisible = 0;
			defaultConfigurationName = Release;
		};
		B9A819F521AD4CDC001F8522 /* Build configuration list for PBXNativeTarget "IOPatternLockSample" */ = {
			isa = XCConfigurationList;
			buildConfigurations = (
				B9A819F621AD4CDC001F8522 /* Debug */,
				B9A819F721AD4CDC001F8522 /* Release */,
			);
			defaultConfigurationIsVisible = 0;
			defaultConfigurationName = Release;
		};
/* End XCConfigurationList section */
	};
	rootObject = B9A819D721AD4CD9001F8522 /* Project object */;
}
