// !$*UTF8*$!
{
	archiveVersion = 1;
	classes = {
	};
	objectVersion = 50;
	objects = {

/* Begin PBXBuildFile section */
		B9EB45FA21B3021900B2987B /* Assets.xcassets in Resources */ = {isa = PBXBuildFile; fileRef = B9EB45F921B3021900B2987B /* Assets.xcassets */; };
		B9EB460921B302E000B2987B /* AppDelegate.swift in Sources */ = {isa = PBXBuildFile; fileRef = B9EB460821B302E000B2987B /* AppDelegate.swift */; };
		B9EB461321B302EF00B2987B /* LaunchScreen.storyboard in Resources */ = {isa = PBXBuildFile; fileRef = B9EB460C21B302EF00B2987B /* LaunchScreen.storyboard */; };
		B9EB461421B302EF00B2987B /* Main.storyboard in Resources */ = {isa = PBXBuildFile; fileRef = B9EB460F21B302EF00B2987B /* Main.storyboard */; };
		B9EB461721B3032900B2987B /* MainViewController.swift in Sources */ = {isa = PBXBuildFile; fileRef = B9EB461621B3032900B2987B /* MainViewController.swift */; };
		B9EB461921B3052C00B2987B /* IOPatternLock.framework in Frameworks */ = {isa = PBXBuildFile; fileRef = B9EB461821B3052C00B2987B /* IOPatternLock.framework */; };
		B9EB461A21B3052C00B2987B /* IOPatternLock.framework in Embed Frameworks */ = {isa = PBXBuildFile; fileRef = B9EB461821B3052C00B2987B /* IOPatternLock.framework */; settings = {ATTRIBUTES = (CodeSignOnCopy, RemoveHeadersOnCopy, ); }; };
/* End PBXBuildFile section */

/* Begin PBXCopyFilesBuildPhase section */
		B9EB461B21B3052C00B2987B /* Embed Frameworks */ = {
			isa = PBXCopyFilesBuildPhase;
			buildActionMask = 2147483647;
			dstPath = "";
			dstSubfolderSpec = 10;
			files = (
				B9EB461A21B3052C00B2987B /* IOPatternLock.framework in Embed Frameworks */,
			);
			name = "Embed Frameworks";
			runOnlyForDeploymentPostprocessing = 0;
		};
/* End PBXCopyFilesBuildPhase section */

/* Begin PBXFileReference section */
		B9EB45EF21B3021600B2987B /* IOPatternLockSwiftSample.app */ = {isa = PBXFileReference; explicitFileType = wrapper.application; includeInIndex = 0; path = IOPatternLockSwiftSample.app; sourceTree = BUILT_PRODUCTS_DIR; };
		B9EB45F921B3021900B2987B /* Assets.xcassets */ = {isa = PBXFileReference; lastKnownFileType = folder.assetcatalog; path = Assets.xcassets; sourceTree = "<group>"; };
		B9EB45FE21B3021900B2987B /* Info.plist */ = {isa = PBXFileReference; lastKnownFileType = text.plist.xml; path = Info.plist; sourceTree = "<group>"; };
		B9EB460821B302E000B2987B /* AppDelegate.swift */ = {isa = PBXFileReference; fileEncoding = 4; lastKnownFileType = sourcecode.swift; path = AppDelegate.swift; sourceTree = "<group>"; };
		B9EB460D21B302EF00B2987B /* Base */ = {isa = PBXFileReference; lastKnownFileType = file.storyboard; name = Base; path = Base.lproj/LaunchScreen.storyboard; sourceTree = "<group>"; };
		B9EB460F21B302EF00B2987B /* Main.storyboard */ = {isa = PBXFileReference; fileEncoding = 4; lastKnownFileType = file.storyboard; path = Main.storyboard; sourceTree = "<group>"; };
		B9EB461621B3032900B2987B /* MainViewController.swift */ = {isa = PBXFileReference; lastKnownFileType = sourcecode.swift; path = MainViewController.swift; sourceTree = "<group>"; };
		B9EB461821B3052C00B2987B /* IOPatternLock.framework */ = {isa = PBXFileReference; lastKnownFileType = wrapper.framework; name = IOPatternLock.framework; path = Carthage/Build/iOS/IOPatternLock.framework; sourceTree = "<group>"; };
/* End PBXFileReference section */

/* Begin PBXFrameworksBuildPhase section */
		B9EB45EC21B3021600B2987B /* Frameworks */ = {
			isa = PBXFrameworksBuildPhase;
			buildActionMask = 2147483647;
			files = (
				B9EB461921B3052C00B2987B /* IOPatternLock.framework in Frameworks */,
			);
			runOnlyForDeploymentPostprocessing = 0;
		};
/* End PBXFrameworksBuildPhase section */

/* Begin PBXGroup section */
		B9EB45E621B3021600B2987B = {
			isa = PBXGroup;
			children = (
				B9EB45F121B3021600B2987B /* IOPatternLockSwiftSample */,
				B9EB45F021B3021600B2987B /* Products */,
				B9EB461C21B3053500B2987B /* Frameworks */,
			);
			sourceTree = "<group>";
		};
		B9EB45F021B3021600B2987B /* Products */ = {
			isa = PBXGroup;
			children = (
				B9EB45EF21B3021600B2987B /* IOPatternLockSwiftSample.app */,
			);
			name = Products;
			sourceTree = "<group>";
		};
		B9EB45F121B3021600B2987B /* IOPatternLockSwiftSample */ = {
			isa = PBXGroup;
			children = (
				B9EB460621B302E000B2987B /* Application */,
				B9EB460A21B302EF00B2987B /* Screens */,
				B9EB45F921B3021900B2987B /* Assets.xcassets */,
				B9EB45FE21B3021900B2987B /* Info.plist */,
			);
			path = IOPatternLockSwiftSample;
			sourceTree = "<group>";
		};
		B9EB460621B302E000B2987B /* Application */ = {
			isa = PBXGroup;
			children = (
				B9EB460721B302E000B2987B /* Delegate */,
			);
			path = Application;
			sourceTree = "<group>";
		};
		B9EB460721B302E000B2987B /* Delegate */ = {
			isa = PBXGroup;
			children = (
				B9EB460821B302E000B2987B /* AppDelegate.swift */,
			);
			path = Delegate;
			sourceTree = "<group>";
		};
		B9EB460A21B302EF00B2987B /* Screens */ = {
			isa = PBXGroup;
			children = (
				B9EB460B21B302EF00B2987B /* LaunchScreen */,
				B9EB460E21B302EF00B2987B /* Main */,
			);
			path = Screens;
			sourceTree = "<group>";
		};
		B9EB460B21B302EF00B2987B /* LaunchScreen */ = {
			isa = PBXGroup;
			children = (
				B9EB460C21B302EF00B2987B /* LaunchScreen.storyboard */,
			);
			path = LaunchScreen;
			sourceTree = "<group>";
		};
		B9EB460E21B302EF00B2987B /* Main */ = {
			isa = PBXGroup;
			children = (
				B9EB461021B302EF00B2987B /* VireControllers */,
				B9EB460F21B302EF00B2987B /* Main.storyboard */,
			);
			path = Main;
			sourceTree = "<group>";
		};
		B9EB461021B302EF00B2987B /* VireControllers */ = {
			isa = PBXGroup;
			children = (
				B9EB461621B3032900B2987B /* MainViewController.swift */,
			);
			path = VireControllers;
			sourceTree = "<group>";
		};
		B9EB461C21B3053500B2987B /* Frameworks */ = {
			isa = PBXGroup;
			children = (
				B9EB461821B3052C00B2987B /* IOPatternLock.framework */,
			);
			name = Frameworks;
			sourceTree = "<group>";
		};
/* End PBXGroup section */

/* Begin PBXNativeTarget section */
		B9EB45EE21B3021600B2987B /* IOPatternLockSwiftSample */ = {
			isa = PBXNativeTarget;
			buildConfigurationList = B9EB460121B3021900B2987B /* Build configuration list for PBXNativeTarget "IOPatternLockSwiftSample" */;
			buildPhases = (
				B9EB45EB21B3021600B2987B /* Sources */,
				B9EB45EC21B3021600B2987B /* Frameworks */,
				B9EB45ED21B3021600B2987B /* Resources */,
				B9EB461B21B3052C00B2987B /* Embed Frameworks */,
			);
			buildRules = (
			);
			dependencies = (
			);
			name = IOPatternLockSwiftSample;
			productName = IOPatternLockSwiftSample;
			productReference = B9EB45EF21B3021600B2987B /* IOPatternLockSwiftSample.app */;
			productType = "com.apple.product-type.application";
		};
/* End PBXNativeTarget section */

/* Begin PBXProject section */
		B9EB45E721B3021600B2987B /* Project object */ = {
			isa = PBXProject;
			attributes = {
				LastSwiftUpdateCheck = 1010;
				LastUpgradeCheck = 1010;
				ORGANIZATIONNAME = "Ilker OZCAN";
				TargetAttributes = {
					B9EB45EE21B3021600B2987B = {
						CreatedOnToolsVersion = 10.1;
						LastSwiftMigration = 1010;
					};
				};
			};
			buildConfigurationList = B9EB45EA21B3021600B2987B /* Build configuration list for PBXProject "IOPatternLockSwiftSample" */;
			compatibilityVersion = "Xcode 9.3";
			developmentRegion = en;
			hasScannedForEncodings = 0;
			knownRegions = (
				en,
				Base,
			);
			mainGroup = B9EB45E621B3021600B2987B;
			productRefGroup = B9EB45F021B3021600B2987B /* Products */;
			projectDirPath = "";
			projectRoot = "";
			targets = (
				B9EB45EE21B3021600B2987B /* IOPatternLockSwiftSample */,
			);
		};
/* End PBXProject section */

/* Begin PBXResourcesBuildPhase section */
		B9EB45ED21B3021600B2987B /* Resources */ = {
			isa = PBXResourcesBuildPhase;
			buildActionMask = 2147483647;
			files = (
				B9EB461421B302EF00B2987B /* Main.storyboard in Resources */,
				B9EB45FA21B3021900B2987B /* Assets.xcassets in Resources */,
				B9EB461321B302EF00B2987B /* LaunchScreen.storyboard in Resources */,
			);
			runOnlyForDeploymentPostprocessing = 0;
		};
/* End PBXResourcesBuildPhase section */

/* Begin PBXSourcesBuildPhase section */
		B9EB45EB21B3021600B2987B /* Sources */ = {
			isa = PBXSourcesBuildPhase;
			buildActionMask = 2147483647;
			files = (
				B9EB461721B3032900B2987B /* MainViewController.swift in Sources */,
				B9EB460921B302E000B2987B /* AppDelegate.swift in Sources */,
			);
			runOnlyForDeploymentPostprocessing = 0;
		};
/* End PBXSourcesBuildPhase section */

/* Begin PBXVariantGroup section */
		B9EB460C21B302EF00B2987B /* LaunchScreen.storyboard */ = {
			isa = PBXVariantGroup;
			children = (
				B9EB460D21B302EF00B2987B /* Base */,
			);
			name = LaunchScreen.storyboard;
			sourceTree = "<group>";
		};
/* End PBXVariantGroup section */

/* Begin XCBuildConfiguration section */
		B9EB45FF21B3021900B2987B /* Debug */ = {
			isa = XCBuildConfiguration;
			buildSettings = {
				ALWAYS_SEARCH_USER_PATHS = NO;
				CLANG_ANALYZER_NONNULL = YES;
				CLANG_ANALYZER_NUMBER_OBJECT_CONVERSION = YES_AGGRESSIVE;
				CLANG_CXX_LANGUAGE_STANDARD = "gnu++14";
				CLANG_CXX_LIBRARY = "libc++";
				CLANG_ENABLE_MODULES = YES;
				CLANG_ENABLE_OBJC_ARC = YES;
				CLANG_ENABLE_OBJC_WEAK = YES;
				CLANG_WARN_BLOCK_CAPTURE_AUTORELEASING = YES;
				CLANG_WARN_BOOL_CONVERSION = YES;
				CLANG_WARN_COMMA = YES;
				CLANG_WARN_CONSTANT_CONVERSION = YES;
				CLANG_WARN_DEPRECATED_OBJC_IMPLEMENTATIONS = YES;
				CLANG_WARN_DIRECT_OBJC_ISA_USAGE = YES_ERROR;
				CLANG_WARN_DOCUMENTATION_COMMENTS = YES;
				CLANG_WARN_EMPTY_BODY = YES;
				CLANG_WARN_ENUM_CONVERSION = YES;
				CLANG_WARN_INFINITE_RECURSION = YES;
				CLANG_WARN_INT_CONVERSION = YES;
				CLANG_WARN_NON_LITERAL_NULL_CONVERSION = YES;
				CLANG_WARN_OBJC_IMPLICIT_RETAIN_SELF = YES;
				CLANG_WARN_OBJC_LITERAL_CONVERSION = YES;
				CLANG_WARN_OBJC_ROOT_CLASS = YES_ERROR;
				CLANG_WARN_RANGE_LOOP_ANALYSIS = YES;
				CLANG_WARN_STRICT_PROTOTYPES = YES;
				CLANG_WARN_SUSPICIOUS_MOVE = YES;
				CLANG_WARN_UNGUARDED_AVAILABILITY = YES_AGGRESSIVE;
				CLANG_WARN_UNREACHABLE_CODE = YES;
				CLANG_WARN__DUPLICATE_METHOD_MATCH = YES;
				CODE_SIGN_IDENTITY = "iPhone Developer";
				COPY_PHASE_STRIP = NO;
				DEBUG_INFORMATION_FORMAT = dwarf;
				ENABLE_STRICT_OBJC_MSGSEND = YES;
				ENABLE_TESTABILITY = YES;
				GCC_C_LANGUAGE_STANDARD = gnu11;
				GCC_DYNAMIC_NO_PIC = NO;
				GCC_NO_COMMON_BLOCKS = YES;
				GCC_OPTIMIZATION_LEVEL = 0;
				GCC_PREPROCESSOR_DEFINITIONS = (
					"DEBUG=1",
					"$(inherited)",
				);
				GCC_WARN_64_TO_32_BIT_CONVERSION = YES;
				GCC_WARN_ABOUT_RETURN_TYPE = YES_ERROR;
				GCC_WARN_UNDECLARED_SELECTOR = YES;
				GCC_WARN_UNINITIALIZED_AUTOS = YES_AGGRESSIVE;
				GCC_WARN_UNUSED_FUNCTION = YES;
				GCC_WARN_UNUSED_VARIABLE = YES;
				IPHONEOS_DEPLOYMENT_TARGET = 12.1;
				MTL_ENABLE_DEBUG_INFO = INCLUDE_SOURCE;
				MTL_FAST_MATH = YES;
				ONLY_ACTIVE_ARCH = YES;
				SDKROOT = iphoneos;
				SWIFT_ACTIVE_COMPILATION_CONDITIONS = DEBUG;
				SWIFT_OPTIMIZATION_LEVEL = "-Onone";
			};
			name = Debug;
		};
		B9EB460021B3021900B2987B /* Release */ = {
			isa = XCBuildConfiguration;
			buildSettings = {
				ALWAYS_SEARCH_USER_PATHS = NO;
				CLANG_ANALYZER_NONNULL = YES;
				CLANG_ANALYZER_NUMBER_OBJECT_CONVERSION = YES_AGGRESSIVE;
				CLANG_CXX_LANGUAGE_STANDARD = "gnu++14";
				CLANG_CXX_LIBRARY = "libc++";
				CLANG_ENABLE_MODULES = YES;
				CLANG_ENABLE_OBJC_ARC = YES;
				CLANG_ENABLE_OBJC_WEAK = YES;
				CLANG_WARN_BLOCK_CAPTURE_AUTORELEASING = YES;
				CLANG_WARN_BOOL_CONVERSION = YES;
				CLANG_WARN_COMMA = YES;
				CLANG_WARN_CONSTANT_CONVERSION = YES;
				CLANG_WARN_DEPRECATED_OBJC_IMPLEMENTATIONS = YES;
				CLANG_WARN_DIRECT_OBJC_ISA_USAGE = YES_ERROR;
				CLANG_WARN_DOCUMENTATION_COMMENTS = YES;
				CLANG_WARN_EMPTY_BODY = YES;
				CLANG_WARN_ENUM_CONVERSION = YES;
				CLANG_WARN_INFINITE_RECURSION = YES;
				CLANG_WARN_INT_CONVERSION = YES;
				CLANG_WARN_NON_LITERAL_NULL_CONVERSION = YES;
				CLANG_WARN_OBJC_IMPLICIT_RETAIN_SELF = YES;
				CLANG_WARN_OBJC_LITERAL_CONVERSION = YES;
				CLANG_WARN_OBJC_ROOT_CLASS = YES_ERROR;
				CLANG_WARN_RANGE_LOOP_ANALYSIS = YES;
				CLANG_WARN_STRICT_PROTOTYPES = YES;
				CLANG_WARN_SUSPICIOUS_MOVE = YES;
				CLANG_WARN_UNGUARDED_AVAILABILITY = YES_AGGRESSIVE;
				CLANG_WARN_UNREACHABLE_CODE = YES;
				CLANG_WARN__DUPLICATE_METHOD_MATCH = YES;
				CODE_SIGN_IDENTITY = "iPhone Developer";
				COPY_PHASE_STRIP = NO;
				DEBUG_INFORMATION_FORMAT = "dwarf-with-dsym";
				ENABLE_NS_ASSERTIONS = NO;
				ENABLE_STRICT_OBJC_MSGSEND = YES;
				GCC_C_LANGUAGE_STANDARD = gnu11;
				GCC_NO_COMMON_BLOCKS = YES;
				GCC_WARN_64_TO_32_BIT_CONVERSION = YES;
				GCC_WARN_ABOUT_RETURN_TYPE = YES_ERROR;
				GCC_WARN_UNDECLARED_SELECTOR = YES;
				GCC_WARN_UNINITIALIZED_AUTOS = YES_AGGRESSIVE;
				GCC_WARN_UNUSED_FUNCTION = YES;
				GCC_WARN_UNUSED_VARIABLE = YES;
				IPHONEOS_DEPLOYMENT_TARGET = 12.1;
				MTL_ENABLE_DEBUG_INFO = NO;
				MTL_FAST_MATH = YES;
				SDKROOT = iphoneos;
				SWIFT_COMPILATION_MODE = wholemodule;
				SWIFT_OPTIMIZATION_LEVEL = "-O";
				VALIDATE_PRODUCT = YES;
			};
			name = Release;
		};
		B9EB460221B3021900B2987B /* Debug */ = {
			isa = XCBuildConfiguration;
			buildSettings = {
				ASSETCATALOG_COMPILER_APPICON_NAME = AppIcon;
				CLANG_ENABLE_MODULES = YES;
				CODE_SIGN_STYLE = Manual;
				DEVELOPMENT_TEAM = "";
				FRAMEWORK_SEARCH_PATHS = (
					"$(inherited)",
					"$(PROJECT_DIR)/Carthage/Build/iOS",
				);
				INFOPLIST_FILE = IOPatternLockSwiftSample/Info.plist;
				LD_RUNPATH_SEARCH_PATHS = (
					"$(inherited)",
					"@executable_path/Frameworks",
				);
				PRODUCT_BUNDLE_IDENTIFIER = com.ilkerozcan.IOPatternLockSwiftSample;
				PRODUCT_NAME = "$(TARGET_NAME)";
				PROVISIONING_PROFILE_SPECIFIER = "";
				SWIFT_OPTIMIZATION_LEVEL = "-Onone";
				SWIFT_VERSION = 4.2;
				TARGETED_DEVICE_FAMILY = "1,2";
			};
			name = Debug;
		};
		B9EB460321B3021900B2987B /* Release */ = {
			isa = XCBuildConfiguration;
			buildSettings = {
				ASSETCATALOG_COMPILER_APPICON_NAME = AppIcon;
				CLANG_ENABLE_MODULES = YES;
				CODE_SIGN_STYLE = Manual;
				DEVELOPMENT_TEAM = "";
				FRAMEWORK_SEARCH_PATHS = (
					"$(inherited)",
					"$(PROJECT_DIR)/Carthage/Build/iOS",
				);
				INFOPLIST_FILE = IOPatternLockSwiftSample/Info.plist;
				LD_RUNPATH_SEARCH_PATHS = (
					"$(inherited)",
					"@executable_path/Frameworks",
				);
				PRODUCT_BUNDLE_IDENTIFIER = com.ilkerozcan.IOPatternLockSwiftSample;
				PRODUCT_NAME = "$(TARGET_NAME)";
				PROVISIONING_PROFILE_SPECIFIER = "";
				SWIFT_VERSION = 4.2;
				TARGETED_DEVICE_FAMILY = "1,2";
			};
			name = Release;
		};
/* End XCBuildConfiguration section */

/* Begin XCConfigurationList section */
		B9EB45EA21B3021600B2987B /* Build configuration list for PBXProject "IOPatternLockSwiftSample" */ = {
			isa = XCConfigurationList;
			buildConfigurations = (
				B9EB45FF21B3021900B2987B /* Debug */,
				B9EB460021B3021900B2987B /* Release */,
			);
			defaultConfigurationIsVisible = 0;
			defaultConfigurationName = Release;
		};
		B9EB460121B3021900B2987B /* Build configuration list for PBXNativeTarget "IOPatternLockSwiftSample" */ = {
			isa = XCConfigurationList;
			buildConfigurations = (
				B9EB460221B3021900B2987B /* Debug */,
				B9EB460321B3021900B2987B /* Release */,
			);
			defaultConfigurationIsVisible = 0;
			defaultConfigurationName = Release;
		};
/* End XCConfigurationList section */
	};
	rootObject = B9EB45E721B3021600B2987B /* Project object */;
}
